
Microsoft Visual Studio Solution File, Format Version 12.00
# Visual Studio 15
VisualStudioVersion = 15.0.28010.2048
MinimumVisualStudioVersion = 10.0.40219.1
Project("{FAE04EC0-301F-11D3-BF4B-00C04F79EFBC}") = "IgniteDemo", "Ignite\IgniteDemo.csproj", "{AE4F3603-630A-4CD7-BC9F-EBBE6B62815E}"
EndProject
Global
	GlobalSection(SolutionConfigurationPlatforms) = preSolution
		Debug|Any CPU = Debug|Any CPU
		Release|Any CPU = Release|Any CPU
	EndGlobalSection
	GlobalSection(ProjectConfigurationPlatforms) = postSolution
		{AE4F3603-630A-4CD7-BC9F-EBBE6B62815E}.Debug|Any CPU.ActiveCfg = Debug|Any CPU
		{AE4F3603-630A-4CD7-BC9F-EBBE6B62815E}.Debug|Any CPU.Build.0 = Debug|Any CPU
		{AE4F3603-630A-4CD7-BC9F-EBBE6B62815E}.Release|Any CPU.ActiveCfg = Release|Any CPU
		{AE4F3603-630A-4CD7-BC9F-EBBE6B62815E}.Release|Any CPU.Build.0 = Release|Any CPU
	EndGlobalSection
	GlobalSection(SolutionProperties) = preSolution
		HideSolutionNode = FALSE
	EndGlobalSection
	GlobalSection(ExtensibilityGlobals) = postSolution
		SolutionGuid = {0A942837-38C3-467B-91D2-3CCC27623F8E}
	EndGlobalSection
EndGlobal
